Microsoft Visual Studio Solution File, Format Version 12.00
# Visual Studio Version 17
VisualStudioVersion = 17.5.2.0
MinimumVisualStudioVersion = 10.0.40219.1
Project("{FAE04EC0-301F-11D3-BF4B-00C04F79EFBC}") = "Rent.Motorcycle.Domain", "Rent.Motorcycle.Domain.csproj", "{D055C762-3B7E-AA04-0D4B-3C5915E7D4D6}"
EndProject
Global
	GlobalSection(SolutionConfigurationPlatforms) = preSolution
		Debug|Any CPU = Debug|Any CPU
		Release|Any CPU = Release|Any CPU
	EndGlobalSection
	GlobalSection(ProjectConfigurationPlatforms) = postSolution
		{D055C762-3B7E-AA04-0D4B-3C5915E7D4D6}.Debug|Any CPU.ActiveCfg = Debug|Any CPU
		{D055C762-3B7E-AA04-0D4B-3C5915E7D4D6}.Debug|Any CPU.Build.0 = Debug|Any CPU
		{D055C762-3B7E-AA04-0D4B-3C5915E7D4D6}.Release|Any CPU.ActiveCfg = Release|Any CPU
		{D055C762-3B7E-AA04-0D4B-3C5915E7D4D6}.Release|Any CPU.Build.0 = Release|Any CPU
	EndGlobalSection
	GlobalSection(SolutionProperties) = preSolution
		HideSolutionNode = FALSE
	EndGlobalSection
	GlobalSection(ExtensibilityGlobals) = postSolution
		SolutionGuid = {03FDD121-AB79-43DC-8F93-1794606CB418}
	EndGlobalSection
EndGlobal
